// !$*UTF8*$!
{
	archiveVersion = 1;
	classes = {
	};
	objectVersion = 55;
	objects = {

/* Begin PBXBuildFile section */
		665C4E1927CC5B090014C9BC /* AppDelegate.swift in Sources */ = {isa = PBXBuildFile; fileRef = 665C4E1827CC5B090014C9BC /* AppDelegate.swift */; };
		665C4E1B27CC5B090014C9BC /* SceneDelegate.swift in Sources */ = {isa = PBXBuildFile; fileRef = 665C4E1A27CC5B090014C9BC /* SceneDelegate.swift */; };
		665C4E1D27CC5B090014C9BC /* ViewController.swift in Sources */ = {isa = PBXBuildFile; fileRef = 665C4E1C27CC5B090014C9BC /* ViewController.swift */; };
		665C4E2027CC5B090014C9BC /* Main.storyboard in Resources */ = {isa = PBXBuildFile; fileRef = 665C4E1E27CC5B090014C9BC /* Main.storyboard */; };
		665C4E2227CC5B0A0014C9BC /* Assets.xcassets in Resources */ = {isa = PBXBuildFile; fileRef = 665C4E2127CC5B0A0014C9BC /* Assets.xcassets */; };
		665C4E2527CC5B0A0014C9BC /* LaunchScreen.storyboard in Resources */ = {isa = PBXBuildFile; fileRef = 665C4E2327CC5B0A0014C9BC /* LaunchScreen.storyboard */; };
		665C4E3027CC5B0A0014C9BC /* WatchaAssignmentTests.swift in Sources */ = {isa = PBXBuildFile; fileRef = 665C4E2F27CC5B0A0014C9BC /* WatchaAssignmentTests.swift */; };
		665C4E3A27CC5B0A0014C9BC /* WatchaAssignmentUITests.swift in Sources */ = {isa = PBXBuildFile; fileRef = 665C4E3927CC5B0A0014C9BC /* WatchaAssignmentUITests.swift */; };
		665C4E3C27CC5B0A0014C9BC /* WatchaAssignmentUITestsLaunchTests.swift in Sources */ = {isa = PBXBuildFile; fileRef = 665C4E3B27CC5B0A0014C9BC /* WatchaAssignmentUITestsLaunchTests.swift */; };
		665C4E4A27CC61900014C9BC /* Alamofire in Frameworks */ = {isa = PBXBuildFile; productRef = 665C4E4927CC61900014C9BC /* Alamofire */; };
		665C4E4F27CC7ADC0014C9BC /* APIManager.swift in Sources */ = {isa = PBXBuildFile; fileRef = 665C4E4E27CC7ADC0014C9BC /* APIManager.swift */; };
		665C4E5127CC7B7A0014C9BC /* EndPoint.swift in Sources */ = {isa = PBXBuildFile; fileRef = 665C4E5027CC7B7A0014C9BC /* EndPoint.swift */; };
		665C4E5627CC87340014C9BC /* SearchAPI.swift in Sources */ = {isa = PBXBuildFile; fileRef = 665C4E5527CC87340014C9BC /* SearchAPI.swift */; };
		665C4E5A27CCAB6C0014C9BC /* DataDTO.swift in Sources */ = {isa = PBXBuildFile; fileRef = 665C4E5927CCAB6C0014C9BC /* DataDTO.swift */; };
		665C4E5C27CCAC370014C9BC /* SearchResult.swift in Sources */ = {isa = PBXBuildFile; fileRef = 665C4E5B27CCAC370014C9BC /* SearchResult.swift */; };
		665C4E5F27CCBD170014C9BC /* OperateManager.swift in Sources */ = {isa = PBXBuildFile; fileRef = 665C4E5E27CCBD170014C9BC /* OperateManager.swift */; };
		665C4E6127CCBD990014C9BC /* SearchManager.swift in Sources */ = {isa = PBXBuildFile; fileRef = 665C4E6027CCBD990014C9BC /* SearchManager.swift */; };
/* End PBXBuildFile section */

/* Begin PBXContainerItemProxy section */
		665C4E2C27CC5B0A0014C9BC /* PBXContainerItemProxy */ = {
			isa = PBXContainerItemProxy;
			containerPortal = 665C4E0D27CC5B080014C9BC /* Project object */;
			proxyType = 1;
			remoteGlobalIDString = 665C4E1427CC5B080014C9BC;
			remoteInfo = WatchaAssignment;
		};
		665C4E3627CC5B0A0014C9BC /* PBXContainerItemProxy */ = {
			isa = PBXContainerItemProxy;
			containerPortal = 665C4E0D27CC5B080014C9BC /* Project object */;
			proxyType = 1;
			remoteGlobalIDString = 665C4E1427CC5B080014C9BC;
			remoteInfo = WatchaAssignment;
		};
/* End PBXContainerItemProxy section */

/* Begin PBXFileReference section */
		665C4E1527CC5B090014C9BC /* WatchaAssignment.app */ = {isa = PBXFileReference; explicitFileType = wrapper.application; includeInIndex = 0; path = WatchaAssignment.app; sourceTree = BUILT_PRODUCTS_DIR; };
		665C4E1827CC5B090014C9BC /* AppDelegate.swift */ = {isa = PBXFileReference; lastKnownFileType = sourcecode.swift; path = AppDelegate.swift; sourceTree = "<group>"; };
		665C4E1A27CC5B090014C9BC /* SceneDelegate.swift */ = {isa = PBXFileReference; lastKnownFileType = sourcecode.swift; path = SceneDelegate.swift; sourceTree = "<group>"; };
		665C4E1C27CC5B090014C9BC /* ViewController.swift */ = {isa = PBXFileReference; lastKnownFileType = sourcecode.swift; path = ViewController.swift; sourceTree = "<group>"; };
		665C4E1F27CC5B090014C9BC /* Base */ = {isa = PBXFileReference; lastKnownFileType = file.storyboard; name = Base; path = Base.lproj/Main.storyboard; sourceTree = "<group>"; };
		665C4E2127CC5B0A0014C9BC /* Assets.xcassets */ = {isa = PBXFileReference; lastKnownFileType = folder.assetcatalog; path = Assets.xcassets; sourceTree = "<group>"; };
		665C4E2427CC5B0A0014C9BC /* Base */ = {isa = PBXFileReference; lastKnownFileType = file.storyboard; name = Base; path = Base.lproj/LaunchScreen.storyboard; sourceTree = "<group>"; };
		665C4E2627CC5B0A0014C9BC /* Info.plist */ = {isa = PBXFileReference; lastKnownFileType = text.plist.xml; path = Info.plist; sourceTree = "<group>"; };
		665C4E2B27CC5B0A0014C9BC /* WatchaAssignmentTests.xctest */ = {isa = PBXFileReference; explicitFileType = wrapper.cfbundle; includeInIndex = 0; path = WatchaAssignmentTests.xctest; sourceTree = BUILT_PRODUCTS_DIR; };
		665C4E2F27CC5B0A0014C9BC /* WatchaAssignmentTests.swift */ = {isa = PBXFileReference; lastKnownFileType = sourcecode.swift; path = WatchaAssignmentTests.swift; sourceTree = "<group>"; };
		665C4E3527CC5B0A0014C9BC /* WatchaAssignmentUITests.xctest */ = {isa = PBXFileReference; explicitFileType = wrapper.cfbundle; includeInIndex = 0; path = WatchaAssignmentUITests.xctest; sourceTree = BUILT_PRODUCTS_DIR; };
		665C4E3927CC5B0A0014C9BC /* WatchaAssignmentUITests.swift */ = {isa = PBXFileReference; lastKnownFileType = sourcecode.swift; path = WatchaAssignmentUITests.swift; sourceTree = "<group>"; };
		665C4E3B27CC5B0A0014C9BC /* WatchaAssignmentUITestsLaunchTests.swift */ = {isa = PBXFileReference; lastKnownFileType = sourcecode.swift; path = WatchaAssignmentUITestsLaunchTests.swift; sourceTree = "<group>"; };
		665C4E4E27CC7ADC0014C9BC /* APIManager.swift */ = {isa = PBXFileReference; lastKnownFileType = sourcecode.swift; path = APIManager.swift; sourceTree = "<group>"; };
		665C4E5027CC7B7A0014C9BC /* EndPoint.swift */ = {isa = PBXFileReference; lastKnownFileType = sourcecode.swift; path = EndPoint.swift; sourceTree = "<group>"; };
		665C4E5527CC87340014C9BC /* SearchAPI.swift */ = {isa = PBXFileReference; lastKnownFileType = sourcecode.swift; path = SearchAPI.swift; sourceTree = "<group>"; };
		665C4E5927CCAB6C0014C9BC /* DataDTO.swift */ = {isa = PBXFileReference; lastKnownFileType = sourcecode.swift; path = DataDTO.swift; sourceTree = "<group>"; };
		665C4E5B27CCAC370014C9BC /* SearchResult.swift */ = {isa = PBXFileReference; lastKnownFileType = sourcecode.swift; path = SearchResult.swift; sourceTree = "<group>"; };
		665C4E5E27CCBD170014C9BC /* OperateManager.swift */ = {isa = PBXFileReference; lastKnownFileType = sourcecode.swift; path = OperateManager.swift; sourceTree = "<group>"; };
		665C4E6027CCBD990014C9BC /* SearchManager.swift */ = {isa = PBXFileReference; lastKnownFileType = sourcecode.swift; path = SearchManager.swift; sourceTree = "<group>"; };
/* End PBXFileReference section */

/* Begin PBXFrameworksBuildPhase section */
		665C4E1227CC5B080014C9BC /* Frameworks */ = {
			isa = PBXFrameworksBuildPhase;
			buildActionMask = 2147483647;
			files = (
				665C4E4A27CC61900014C9BC /* Alamofire in Frameworks */,
			);
			runOnlyForDeploymentPostprocessing = 0;
		};
		665C4E2827CC5B0A0014C9BC /* Frameworks */ = {
			isa = PBXFrameworksBuildPhase;
			buildActionMask = 2147483647;
			files = (
			);
			runOnlyForDeploymentPostprocessing = 0;
		};
		665C4E3227CC5B0A0014C9BC /* Frameworks */ = {
			isa = PBXFrameworksBuildPhase;
			buildActionMask = 2147483647;
			files = (
			);
			runOnlyForDeploymentPostprocessing = 0;
		};
/* End PBXFrameworksBuildPhase section */

/* Begin PBXGroup section */
		665C4E0C27CC5B080014C9BC = {
			isa = PBXGroup;
			children = (
				665C4E1727CC5B090014C9BC /* WatchaAssignment */,
				665C4E2E27CC5B0A0014C9BC /* WatchaAssignmentTests */,
				665C4E3827CC5B0A0014C9BC /* WatchaAssignmentUITests */,
				665C4E1627CC5B090014C9BC /* Products */,
			);
			sourceTree = "<group>";
		};
		665C4E1627CC5B090014C9BC /* Products */ = {
			isa = PBXGroup;
			children = (
				665C4E1527CC5B090014C9BC /* WatchaAssignment.app */,
				665C4E2B27CC5B0A0014C9BC /* WatchaAssignmentTests.xctest */,
				665C4E3527CC5B0A0014C9BC /* WatchaAssignmentUITests.xctest */,
			);
			name = Products;
			sourceTree = "<group>";
		};
		665C4E1727CC5B090014C9BC /* WatchaAssignment */ = {
			isa = PBXGroup;
			children = (
				665C4E5D27CCB4E30014C9BC /* Manager */,
				665C4E5427CC856C0014C9BC /* Application */,
				665C4E4C27CC7A090014C9BC /* Model */,
				665C4E5327CC855B0014C9BC /* View */,
				665C4E4D27CC7A100014C9BC /* ViewModel */,
				665C4E4B27CC79FC0014C9BC /* Network */,
				665C4E1E27CC5B090014C9BC /* Main.storyboard */,
				665C4E2127CC5B0A0014C9BC /* Assets.xcassets */,
				665C4E2327CC5B0A0014C9BC /* LaunchScreen.storyboard */,
				665C4E2627CC5B0A0014C9BC /* Info.plist */,
			);
			path = WatchaAssignment;
			sourceTree = "<group>";
		};
		665C4E2E27CC5B0A0014C9BC /* WatchaAssignmentTests */ = {
			isa = PBXGroup;
			children = (
				665C4E2F27CC5B0A0014C9BC /* WatchaAssignmentTests.swift */,
			);
			path = WatchaAssignmentTests;
			sourceTree = "<group>";
		};
		665C4E3827CC5B0A0014C9BC /* WatchaAssignmentUITests */ = {
			isa = PBXGroup;
			children = (
				665C4E3927CC5B0A0014C9BC /* WatchaAssignmentUITests.swift */,
				665C4E3B27CC5B0A0014C9BC /* WatchaAssignmentUITestsLaunchTests.swift */,
			);
			path = WatchaAssignmentUITests;
			sourceTree = "<group>";
		};
		665C4E4B27CC79FC0014C9BC /* Network */ = {
			isa = PBXGroup;
			children = (
				665C4E4E27CC7ADC0014C9BC /* APIManager.swift */,
				665C4E5027CC7B7A0014C9BC /* EndPoint.swift */,
				665C4E5227CC854B0014C9BC /* API */,
			);
			path = Network;
			sourceTree = "<group>";
		};
		665C4E4C27CC7A090014C9BC /* Model */ = {
			isa = PBXGroup;
			children = (
				665C4E5B27CCAC370014C9BC /* SearchResult.swift */,
				665C4E5927CCAB6C0014C9BC /* DataDTO.swift */,
			);
			path = Model;
			sourceTree = "<group>";
		};
		665C4E4D27CC7A100014C9BC /* ViewModel */ = {
			isa = PBXGroup;
			children = (
			);
			path = ViewModel;
			sourceTree = "<group>";
		};
		665C4E5227CC854B0014C9BC /* API */ = {
			isa = PBXGroup;
			children = (
				665C4E5527CC87340014C9BC /* SearchAPI.swift */,
			);
			path = API;
			sourceTree = "<group>";
		};
		665C4E5327CC855B0014C9BC /* View */ = {
			isa = PBXGroup;
			children = (
				665C4E1C27CC5B090014C9BC /* ViewController.swift */,
			);
			path = View;
			sourceTree = "<group>";
		};
		665C4E5427CC856C0014C9BC /* Application */ = {
			isa = PBXGroup;
			children = (
				665C4E1827CC5B090014C9BC /* AppDelegate.swift */,
				665C4E1A27CC5B090014C9BC /* SceneDelegate.swift */,
			);
			path = Application;
			sourceTree = "<group>";
		};
		665C4E5D27CCB4E30014C9BC /* Manager */ = {
			isa = PBXGroup;
			children = (
				665C4E5E27CCBD170014C9BC /* OperateManager.swift */,
				665C4E6027CCBD990014C9BC /* SearchManager.swift */,
			);
			path = Manager;
			sourceTree = "<group>";
		};
/* End PBXGroup section */

/* Begin PBXNativeTarget section */
		665C4E1427CC5B080014C9BC /* WatchaAssignment */ = {
			isa = PBXNativeTarget;
			buildConfigurationList = 665C4E3F27CC5B0A0014C9BC /* Build configuration list for PBXNativeTarget "WatchaAssignment" */;
			buildPhases = (
				665C4E1127CC5B080014C9BC /* Sources */,
				665C4E1227CC5B080014C9BC /* Frameworks */,
				665C4E1327CC5B080014C9BC /* Resources */,
			);
			buildRules = (
			);
			dependencies = (
			);
			name = WatchaAssignment;
			packageProductDependencies = (
				665C4E4927CC61900014C9BC /* Alamofire */,
			);
			productName = WatchaAssignment;
			productReference = 665C4E1527CC5B090014C9BC /* WatchaAssignment.app */;
			productType = "com.apple.product-type.application";
		};
		665C4E2A27CC5B0A0014C9BC /* WatchaAssignmentTests */ = {
			isa = PBXNativeTarget;
			buildConfigurationList = 665C4E4227CC5B0A0014C9BC /* Build configuration list for PBXNativeTarget "WatchaAssignmentTests" */;
			buildPhases = (
				665C4E2727CC5B0A0014C9BC /* Sources */,
				665C4E2827CC5B0A0014C9BC /* Frameworks */,
				665C4E2927CC5B0A0014C9BC /* Resources */,
			);
			buildRules = (
			);
			dependencies = (
				665C4E2D27CC5B0A0014C9BC /* PBXTargetDependency */,
			);
			name = WatchaAssignmentTests;
			productName = WatchaAssignmentTests;
			productReference = 665C4E2B27CC5B0A0014C9BC /* WatchaAssignmentTests.xctest */;
			productType = "com.apple.product-type.bundle.unit-test";
		};
		665C4E3427CC5B0A0014C9BC /* WatchaAssignmentUITests */ = {
			isa = PBXNativeTarget;
			buildConfigurationList = 665C4E4527CC5B0A0014C9BC /* Build configuration list for PBXNativeTarget "WatchaAssignmentUITests" */;
			buildPhases = (
				665C4E3127CC5B0A0014C9BC /* Sources */,
				665C4E3227CC5B0A0014C9BC /* Frameworks */,
				665C4E3327CC5B0A0014C9BC /* Resources */,
			);
			buildRules = (
			);
			dependencies = (
				665C4E3727CC5B0A0014C9BC /* PBXTargetDependency */,
			);
			name = WatchaAssignmentUITests;
			productName = WatchaAssignmentUITests;
			productReference = 665C4E3527CC5B0A0014C9BC /* WatchaAssignmentUITests.xctest */;
			productType = "com.apple.product-type.bundle.ui-testing";
		};
/* End PBXNativeTarget section */

/* Begin PBXProject section */
		665C4E0D27CC5B080014C9BC /* Project object */ = {
			isa = PBXProject;
			attributes = {
				BuildIndependentTargetsInParallel = 1;
				LastSwiftUpdateCheck = 1320;
				LastUpgradeCheck = 1320;
				TargetAttributes = {
					665C4E1427CC5B080014C9BC = {
						CreatedOnToolsVersion = 13.2.1;
					};
					665C4E2A27CC5B0A0014C9BC = {
						CreatedOnToolsVersion = 13.2.1;
						TestTargetID = 665C4E1427CC5B080014C9BC;
					};
					665C4E3427CC5B0A0014C9BC = {
						CreatedOnToolsVersion = 13.2.1;
						TestTargetID = 665C4E1427CC5B080014C9BC;
					};
				};
			};
			buildConfigurationList = 665C4E1027CC5B080014C9BC /* Build configuration list for PBXProject "WatchaAssignment" */;
			compatibilityVersion = "Xcode 13.0";
			developmentRegion = en;
			hasScannedForEncodings = 0;
			knownRegions = (
				en,
				Base,
			);
			mainGroup = 665C4E0C27CC5B080014C9BC;
			packageReferences = (
				665C4E4827CC61900014C9BC /* XCRemoteSwiftPackageReference "Alamofire" */,
			);
			productRefGroup = 665C4E1627CC5B090014C9BC /* Products */;
			projectDirPath = "";
			projectRoot = "";
			targets = (
				665C4E1427CC5B080014C9BC /* WatchaAssignment */,
				665C4E2A27CC5B0A0014C9BC /* WatchaAssignmentTests */,
				665C4E3427CC5B0A0014C9BC /* WatchaAssignmentUITests */,
			);
		};
/* End PBXProject section */

/* Begin PBXResourcesBuildPhase section */
		665C4E1327CC5B080014C9BC /* Resources */ = {
			isa = PBXResourcesBuildPhase;
			buildActionMask = 2147483647;
			files = (
				665C4E2527CC5B0A0014C9BC /* LaunchScreen.storyboard in Resources */,
				665C4E2227CC5B0A0014C9BC /* Assets.xcassets in Resources */,
				665C4E2027CC5B090014C9BC /* Main.storyboard in Resources */,
			);
			runOnlyForDeploymentPostprocessing = 0;
		};
		665C4E2927CC5B0A0014C9BC /* Resources */ = {
			isa = PBXResourcesBuildPhase;
			buildActionMask = 2147483647;
			files = (
			);
			runOnlyForDeploymentPostprocessing = 0;
		};
		665C4E3327CC5B0A0014C9BC /* Resources */ = {
			isa = PBXResourcesBuildPhase;
			buildActionMask = 2147483647;
			files = (
			);
			runOnlyForDeploymentPostprocessing = 0;
		};
/* End PBXResourcesBuildPhase section */

/* Begin PBXSourcesBuildPhase section */
		665C4E1127CC5B080014C9BC /* Sources */ = {
			isa = PBXSourcesBuildPhase;
			buildActionMask = 2147483647;
			files = (
				665C4E5A27CCAB6C0014C9BC /* DataDTO.swift in Sources */,
				665C4E4F27CC7ADC0014C9BC /* APIManager.swift in Sources */,
				665C4E5C27CCAC370014C9BC /* SearchResult.swift in Sources */,
				665C4E5F27CCBD170014C9BC /* OperateManager.swift in Sources */,
				665C4E1D27CC5B090014C9BC /* ViewController.swift in Sources */,
				665C4E5627CC87340014C9BC /* SearchAPI.swift in Sources */,
				665C4E5127CC7B7A0014C9BC /* EndPoint.swift in Sources */,
				665C4E6127CCBD990014C9BC /* SearchManager.swift in Sources */,
				665C4E1927CC5B090014C9BC /* AppDelegate.swift in Sources */,
				665C4E1B27CC5B090014C9BC /* SceneDelegate.swift in Sources */,
			);
			runOnlyForDeploymentPostprocessing = 0;
		};
		665C4E2727CC5B0A0014C9BC /* Sources */ = {
			isa = PBXSourcesBuildPhase;
			buildActionMask = 2147483647;
			files = (
				665C4E3027CC5B0A0014C9BC /* WatchaAssignmentTests.swift in Sources */,
			);
			runOnlyForDeploymentPostprocessing = 0;
		};
		665C4E3127CC5B0A0014C9BC /* Sources */ = {
			isa = PBXSourcesBuildPhase;
			buildActionMask = 2147483647;
			files = (
				665C4E3A27CC5B0A0014C9BC /* WatchaAssignmentUITests.swift in Sources */,
				665C4E3C27CC5B0A0014C9BC /* WatchaAssignmentUITestsLaunchTests.swift in Sources */,
			);
			runOnlyForDeploymentPostprocessing = 0;
		};
/* End PBXSourcesBuildPhase section */

/* Begin PBXTargetDependency section */
		665C4E2D27CC5B0A0014C9BC /* PBXTargetDependency */ = {
			isa = PBXTargetDependency;
			target = 665C4E1427CC5B080014C9BC /* WatchaAssignment */;
			targetProxy = 665C4E2C27CC5B0A0014C9BC /* PBXContainerItemProxy */;
		};
		665C4E3727CC5B0A0014C9BC /* PBXTargetDependency */ = {
			isa = PBXTargetDependency;
			target = 665C4E1427CC5B080014C9BC /* WatchaAssignment */;
			targetProxy = 665C4E3627CC5B0A0014C9BC /* PBXContainerItemProxy */;
		};
/* End PBXTargetDependency section */

/* Begin PBXVariantGroup section */
		665C4E1E27CC5B090014C9BC /* Main.storyboard */ = {
			isa = PBXVariantGroup;
			children = (
				665C4E1F27CC5B090014C9BC /* Base */,
			);
			name = Main.storyboard;
			sourceTree = "<group>";
		};
		665C4E2327CC5B0A0014C9BC /* LaunchScreen.storyboard */ = {
			isa = PBXVariantGroup;
			children = (
				665C4E2427CC5B0A0014C9BC /* Base */,
			);
			name = LaunchScreen.storyboard;
			sourceTree = "<group>";
		};
/* End PBXVariantGroup section */

/* Begin XCBuildConfiguration section */
		665C4E3D27CC5B0A0014C9BC /* Debug */ = {
			isa = XCBuildConfiguration;
			buildSettings = {
				ALWAYS_SEARCH_USER_PATHS = NO;
				CLANG_ANALYZER_NONNULL = YES;
				CLANG_ANALYZER_NUMBER_OBJECT_CONVERSION = YES_AGGRESSIVE;
				CLANG_CXX_LANGUAGE_STANDARD = "gnu++17";
				CLANG_CXX_LIBRARY = "libc++";
				CLANG_ENABLE_MODULES = YES;
				CLANG_ENABLE_OBJC_ARC = YES;
				CLANG_ENABLE_OBJC_WEAK = YES;
				CLANG_WARN_BLOCK_CAPTURE_AUTORELEASING = YES;
				CLANG_WARN_BOOL_CONVERSION = YES;
				CLANG_WARN_COMMA = YES;
				CLANG_WARN_CONSTANT_CONVERSION = YES;
				CLANG_WARN_DEPRECATED_OBJC_IMPLEMENTATIONS = YES;
				CLANG_WARN_DIRECT_OBJC_ISA_USAGE = YES_ERROR;
				CLANG_WARN_DOCUMENTATION_COMMENTS = YES;
				CLANG_WARN_EMPTY_BODY = YES;
				CLANG_WARN_ENUM_CONVERSION = YES;
				CLANG_WARN_INFINITE_RECURSION = YES;
				CLANG_WARN_INT_CONVERSION = YES;
				CLANG_WARN_NON_LITERAL_NULL_CONVERSION = YES;
				CLANG_WARN_OBJC_IMPLICIT_RETAIN_SELF = YES;
				CLANG_WARN_OBJC_LITERAL_CONVERSION = YES;
				CLANG_WARN_OBJC_ROOT_CLASS = YES_ERROR;
				CLANG_WARN_QUOTED_INCLUDE_IN_FRAMEWORK_HEADER = YES;
				CLANG_WARN_RANGE_LOOP_ANALYSIS = YES;
				CLANG_WARN_STRICT_PROTOTYPES = YES;
				CLANG_WARN_SUSPICIOUS_MOVE = YES;
				CLANG_WARN_UNGUARDED_AVAILABILITY = YES_AGGRESSIVE;
				CLANG_WARN_UNREACHABLE_CODE = YES;
				CLANG_WARN__DUPLICATE_METHOD_MATCH = YES;
				COPY_PHASE_STRIP = NO;
				DEBUG_INFORMATION_FORMAT = dwarf;
				ENABLE_STRICT_OBJC_MSGSEND = YES;
				ENABLE_TESTABILITY = YES;
				GCC_C_LANGUAGE_STANDARD = gnu11;
				GCC_DYNAMIC_NO_PIC = NO;
				GCC_NO_COMMON_BLOCKS = YES;
				GCC_OPTIMIZATION_LEVEL = 0;
				GCC_PREPROCESSOR_DEFINITIONS = (
					"DEBUG=1",
					"$(inherited)",
				);
				GCC_WARN_64_TO_32_BIT_CONVERSION = YES;
				GCC_WARN_ABOUT_RETURN_TYPE = YES_ERROR;
				GCC_WARN_UNDECLARED_SELECTOR = YES;
				GCC_WARN_UNINITIALIZED_AUTOS = YES_AGGRESSIVE;
				GCC_WARN_UNUSED_FUNCTION = YES;
				GCC_WARN_UNUSED_VARIABLE = YES;
				IPHONEOS_DEPLOYMENT_TARGET = 15.2;
				MTL_ENABLE_DEBUG_INFO = INCLUDE_SOURCE;
				MTL_FAST_MATH = YES;
				ONLY_ACTIVE_ARCH = YES;
				SDKROOT = iphoneos;
				SWIFT_ACTIVE_COMPILATION_CONDITIONS = DEBUG;
				SWIFT_OPTIMIZATION_LEVEL = "-Onone";
			};
			name = Debug;
		};
		665C4E3E27CC5B0A0014C9BC /* Release */ = {
			isa = XCBuildConfiguration;
			buildSettings = {
				ALWAYS_SEARCH_USER_PATHS = NO;
				CLANG_ANALYZER_NONNULL = YES;
				CLANG_ANALYZER_NUMBER_OBJECT_CONVERSION = YES_AGGRESSIVE;
				CLANG_CXX_LANGUAGE_STANDARD = "gnu++17";
				CLANG_CXX_LIBRARY = "libc++";
				CLANG_ENABLE_MODULES = YES;
				CLANG_ENABLE_OBJC_ARC = YES;
				CLANG_ENABLE_OBJC_WEAK = YES;
				CLANG_WARN_BLOCK_CAPTURE_AUTORELEASING = YES;
				CLANG_WARN_BOOL_CONVERSION = YES;
				CLANG_WARN_COMMA = YES;
				CLANG_WARN_CONSTANT_CONVERSION = YES;
				CLANG_WARN_DEPRECATED_OBJC_IMPLEMENTATIONS = YES;
				CLANG_WARN_DIRECT_OBJC_ISA_USAGE = YES_ERROR;
				CLANG_WARN_DOCUMENTATION_COMMENTS = YES;
				CLANG_WARN_EMPTY_BODY = YES;
				CLANG_WARN_ENUM_CONVERSION = YES;
				CLANG_WARN_INFINITE_RECURSION = YES;
				CLANG_WARN_INT_CONVERSION = YES;
				CLANG_WARN_NON_LITERAL_NULL_CONVERSION = YES;
				CLANG_WARN_OBJC_IMPLICIT_RETAIN_SELF = YES;
				CLANG_WARN_OBJC_LITERAL_CONVERSION = YES;
				CLANG_WARN_OBJC_ROOT_CLASS = YES_ERROR;
				CLANG_WARN_QUOTED_INCLUDE_IN_FRAMEWORK_HEADER = YES;
				CLANG_WARN_RANGE_LOOP_ANALYSIS = YES;
				CLANG_WARN_STRICT_PROTOTYPES = YES;
				CLANG_WARN_SUSPICIOUS_MOVE = YES;
				CLANG_WARN_UNGUARDED_AVAILABILITY = YES_AGGRESSIVE;
				CLANG_WARN_UNREACHABLE_CODE = YES;
				CLANG_WARN__DUPLICATE_METHOD_MATCH = YES;
				COPY_PHASE_STRIP = NO;
				DEBUG_INFORMATION_FORMAT = "dwarf-with-dsym";
				ENABLE_NS_ASSERTIONS = NO;
				ENABLE_STRICT_OBJC_MSGSEND = YES;
				GCC_C_LANGUAGE_STANDARD = gnu11;
				GCC_NO_COMMON_BLOCKS = YES;
				GCC_WARN_64_TO_32_BIT_CONVERSION = YES;
				GCC_WARN_ABOUT_RETURN_TYPE = YES_ERROR;
				GCC_WARN_UNDECLARED_SELECTOR = YES;
				GCC_WARN_UNINITIALIZED_AUTOS = YES_AGGRESSIVE;
				GCC_WARN_UNUSED_FUNCTION = YES;
				GCC_WARN_UNUSED_VARIABLE = YES;
				IPHONEOS_DEPLOYMENT_TARGET = 15.2;
				MTL_ENABLE_DEBUG_INFO = NO;
				MTL_FAST_MATH = YES;
				SDKROOT = iphoneos;
				SWIFT_COMPILATION_MODE = wholemodule;
				SWIFT_OPTIMIZATION_LEVEL = "-O";
				VALIDATE_PRODUCT = YES;
			};
			name = Release;
		};
		665C4E4027CC5B0A0014C9BC /* Debug */ = {
			isa = XCBuildConfiguration;
			buildSettings = {
				ASSETCATALOG_COMPILER_APPICON_NAME = AppIcon;
				ASSETCATALOG_COMPILER_GLOBAL_ACCENT_COLOR_NAME = AccentColor;
				CODE_SIGN_STYLE = Automatic;
				CURRENT_PROJECT_VERSION = 1;
				DEVELOPMENT_TEAM = Q934YS22W7;
				GENERATE_INFOPLIST_FILE = YES;
				INFOPLIST_FILE = WatchaAssignment/Info.plist;
				INFOPLIST_KEY_UIApplicationSupportsIndirectInputEvents = YES;
				INFOPLIST_KEY_UILaunchStoryboardName = LaunchScreen;
				INFOPLIST_KEY_UIMainStoryboardFile = Main;
				INFOPLIST_KEY_UISupportedInterfaceOrientations_iPad = "UIInterfaceOrientationPortrait UIInterfaceOrientationPortraitUpsideDown UIInterfaceOrientationLandscapeLeft UIInterfaceOrientationLandscapeRight";
				INFOPLIST_KEY_UISupportedInterfaceOrientations_iPhone = "UIInterfaceOrientationPortrait UIInterfaceOrientationLandscapeLeft UIInterfaceOrientationLandscapeRight";
				IPHONEOS_DEPLOYMENT_TARGET = 13.0;
				LD_RUNPATH_SEARCH_PATHS = (
					"$(inherited)",
					"@executable_path/Frameworks",
				);
				MARKETING_VERSION = 1.0;
				PRODUCT_BUNDLE_IDENTIFIER = com.injun.WatchaAssignment;
				PRODUCT_NAME = "$(TARGET_NAME)";
				SWIFT_EMIT_LOC_STRINGS = YES;
				SWIFT_VERSION = 5.0;
				TARGETED_DEVICE_FAMILY = "1,2";
			};
			name = Debug;
		};
		665C4E4127CC5B0A0014C9BC /* Release */ = {
			isa = XCBuildConfiguration;
			buildSettings = {
				ASSETCATALOG_COMPILER_APPICON_NAME = AppIcon;
				ASSETCATALOG_COMPILER_GLOBAL_ACCENT_COLOR_NAME = AccentColor;
				CODE_SIGN_STYLE = Automatic;
				CURRENT_PROJECT_VERSION = 1;
				DEVELOPMENT_TEAM = Q934YS22W7;
				GENERATE_INFOPLIST_FILE = YES;
				INFOPLIST_FILE = WatchaAssignment/Info.plist;
				INFOPLIST_KEY_UIApplicationSupportsIndirectInputEvents = YES;
				INFOPLIST_KEY_UILaunchStoryboardName = LaunchScreen;
				INFOPLIST_KEY_UIMainStoryboardFile = Main;
				INFOPLIST_KEY_UISupportedInterfaceOrientations_iPad = "UIInterfaceOrientationPortrait UIInterfaceOrientationPortraitUpsideDown UIInterfaceOrientationLandscapeLeft UIInterfaceOrientationLandscapeRight";
				INFOPLIST_KEY_UISupportedInterfaceOrientations_iPhone = "UIInterfaceOrientationPortrait UIInterfaceOrientationLandscapeLeft UIInterfaceOrientationLandscapeRight";
				IPHONEOS_DEPLOYMENT_TARGET = 13.0;
				LD_RUNPATH_SEARCH_PATHS = (
					"$(inherited)",
					"@executable_path/Frameworks",
				);
				MARKETING_VERSION = 1.0;
				PRODUCT_BUNDLE_IDENTIFIER = com.injun.WatchaAssignment;
				PRODUCT_NAME = "$(TARGET_NAME)";
				SWIFT_EMIT_LOC_STRINGS = YES;
				SWIFT_VERSION = 5.0;
				TARGETED_DEVICE_FAMILY = "1,2";
			};
			name = Release;
		};
		665C4E4327CC5B0A0014C9BC /* Debug */ = {
			isa = XCBuildConfiguration;
			buildSettings = {
				ALWAYS_EMBED_SWIFT_STANDARD_LIBRARIES = YES;
				BUNDLE_LOADER = "$(TEST_HOST)";
				CODE_SIGN_STYLE = Automatic;
				CURRENT_PROJECT_VERSION = 1;
				DEVELOPMENT_TEAM = Q934YS22W7;
				GENERATE_INFOPLIST_FILE = YES;
				IPHONEOS_DEPLOYMENT_TARGET = 15.2;
				MARKETING_VERSION = 1.0;
				PRODUCT_BUNDLE_IDENTIFIER = com.injun.WatchaAssignmentTests;
				PRODUCT_NAME = "$(TARGET_NAME)";
				SWIFT_EMIT_LOC_STRINGS = NO;
				SWIFT_VERSION = 5.0;
				TARGETED_DEVICE_FAMILY = "1,2";
				TEST_HOST = "$(BUILT_PRODUCTS_DIR)/WatchaAssignment.app/WatchaAssignment";
			};
			name = Debug;
		};
		665C4E4427CC5B0A0014C9BC /* Release */ = {
			isa = XCBuildConfiguration;
			buildSettings = {
				ALWAYS_EMBED_SWIFT_STANDARD_LIBRARIES = YES;
				BUNDLE_LOADER = "$(TEST_HOST)";
				CODE_SIGN_STYLE = Automatic;
				CURRENT_PROJECT_VERSION = 1;
				DEVELOPMENT_TEAM = Q934YS22W7;
				GENERATE_INFOPLIST_FILE = YES;
				IPHONEOS_DEPLOYMENT_TARGET = 15.2;
				MARKETING_VERSION = 1.0;
				PRODUCT_BUNDLE_IDENTIFIER = com.injun.WatchaAssignmentTests;
				PRODUCT_NAME = "$(TARGET_NAME)";
				SWIFT_EMIT_LOC_STRINGS = NO;
				SWIFT_VERSION = 5.0;
				TARGETED_DEVICE_FAMILY = "1,2";
				TEST_HOST = "$(BUILT_PRODUCTS_DIR)/WatchaAssignment.app/WatchaAssignment";
			};
			name = Release;
		};
		665C4E4627CC5B0A0014C9BC /* Debug */ = {
			isa = XCBuildConfiguration;
			buildSettings = {
				ALWAYS_EMBED_SWIFT_STANDARD_LIBRARIES = YES;
				CODE_SIGN_STYLE = Automatic;
				CURRENT_PROJECT_VERSION = 1;
				DEVELOPMENT_TEAM = Q934YS22W7;
				GENERATE_INFOPLIST_FILE = YES;
				MARKETING_VERSION = 1.0;
				PRODUCT_BUNDLE_IDENTIFIER = com.injun.WatchaAssignmentUITests;
				PRODUCT_NAME = "$(TARGET_NAME)";
				SWIFT_EMIT_LOC_STRINGS = NO;
				SWIFT_VERSION = 5.0;
				TARGETED_DEVICE_FAMILY = "1,2";
				TEST_TARGET_NAME = WatchaAssignment;
			};
			name = Debug;
		};
		665C4E4727CC5B0A0014C9BC /* Release */ = {
			isa = XCBuildConfiguration;
			buildSettings = {
				ALWAYS_EMBED_SWIFT_STANDARD_LIBRARIES = YES;
				CODE_SIGN_STYLE = Automatic;
				CURRENT_PROJECT_VERSION = 1;
				DEVELOPMENT_TEAM = Q934YS22W7;
				GENERATE_INFOPLIST_FILE = YES;
				MARKETING_VERSION = 1.0;
				PRODUCT_BUNDLE_IDENTIFIER = com.injun.WatchaAssignmentUITests;
				PRODUCT_NAME = "$(TARGET_NAME)";
				SWIFT_EMIT_LOC_STRINGS = NO;
				SWIFT_VERSION = 5.0;
				TARGETED_DEVICE_FAMILY = "1,2";
				TEST_TARGET_NAME = WatchaAssignment;
			};
			name = Release;
		};
/* End XCBuildConfiguration section */

/* Begin XCConfigurationList section */
		665C4E1027CC5B080014C9BC /* Build configuration list for PBXProject "WatchaAssignment" */ = {
			isa = XCConfigurationList;
			buildConfigurations = (
				665C4E3D27CC5B0A0014C9BC /* Debug */,
				665C4E3E27CC5B0A0014C9BC /* Release */,
			);
			defaultConfigurationIsVisible = 0;
			defaultConfigurationName = Release;
		};
		665C4E3F27CC5B0A0014C9BC /* Build configuration list for PBXNativeTarget "WatchaAssignment" */ = {
			isa = XCConfigurationList;
			buildConfigurations = (
				665C4E4027CC5B0A0014C9BC /* Debug */,
				665C4E4127CC5B0A0014C9BC /* Release */,
			);
			defaultConfigurationIsVisible = 0;
			defaultConfigurationName = Release;
		};
		665C4E4227CC5B0A0014C9BC /* Build configuration list for PBXNativeTarget "WatchaAssignmentTests" */ = {
			isa = XCConfigurationList;
			buildConfigurations = (
				665C4E4327CC5B0A0014C9BC /* Debug */,
				665C4E4427CC5B0A0014C9BC /* Release */,
			);
			defaultConfigurationIsVisible = 0;
			defaultConfigurationName = Release;
		};
		665C4E4527CC5B0A0014C9BC /* Build configuration list for PBXNativeTarget "WatchaAssignmentUITests" */ = {
			isa = XCConfigurationList;
			buildConfigurations = (
				665C4E4627CC5B0A0014C9BC /* Debug */,
				665C4E4727CC5B0A0014C9BC /* Release */,
			);
			defaultConfigurationIsVisible = 0;
			defaultConfigurationName = Release;
		};
/* End XCConfigurationList section */

/* Begin XCRemoteSwiftPackageReference section */
		665C4E4827CC61900014C9BC /* XCRemoteSwiftPackageReference "Alamofire" */ = {
			isa = XCRemoteSwiftPackageReference;
			repositoryURL = "https://github.com/Alamofire/Alamofire.git";
			requirement = {
				kind = upToNextMajorVersion;
				minimumVersion = 5.5.0;
			};
		};
/* End XCRemoteSwiftPackageReference section */

/* Begin XCSwiftPackageProductDependency section */
		665C4E4927CC61900014C9BC /* Alamofire */ = {
			isa = XCSwiftPackageProductDependency;
			package = 665C4E4827CC61900014C9BC /* XCRemoteSwiftPackageReference "Alamofire" */;
			productName = Alamofire;
		};
/* End XCSwiftPackageProductDependency section */
	};
	rootObject = 665C4E0D27CC5B080014C9BC /* Project object */;
}
